
Microsoft Visual Studio Solution File, Format Version 12.00
# Visual Studio 15
VisualStudioVersion = 15.0.28010.2016
MinimumVisualStudioVersion = 10.0.40219.1
Project("{FAE04EC0-301F-11D3-BF4B-00C04F79EFBC}") = "WeekendExercises", "WeekendExercises\WeekendExercises.csproj", "{B6B09034-F1AE-4946-858C-256AB9805E56}"
EndProject
Project("{FAE04EC0-301F-11D3-BF4B-00C04F79EFBC}") = "WeekendExercises.Tests", "WeekendExercises.Tests\WeekendExercises.Tests.csproj", "{CAB68220-711A-47FD-BF35-9388C95B7BCD}"
EndProject
Global
	GlobalSection(SolutionConfigurationPlatforms) = preSolution
		Debug|Any CPU = Debug|Any CPU
		Release|Any CPU = Release|Any CPU
	EndGlobalSection
	GlobalSection(ProjectConfigurationPlatforms) = postSolution
		{B6B09034-F1AE-4946-858C-256AB9805E56}.Debug|Any CPU.ActiveCfg = Debug|Any CPU
		{B6B09034-F1AE-4946-858C-256AB9805E56}.Debug|Any CPU.Build.0 = Debug|Any CPU
		{B6B09034-F1AE-4946-858C-256AB9805E56}.Release|Any CPU.ActiveCfg = Release|Any CPU
		{B6B09034-F1AE-4946-858C-256AB9805E56}.Release|Any CPU.Build.0 = Release|Any CPU
		{CAB68220-711A-47FD-BF35-9388C95B7BCD}.Debug|Any CPU.ActiveCfg = Debug|Any CPU
		{CAB68220-711A-47FD-BF35-9388C95B7BCD}.Debug|Any CPU.Build.0 = Debug|Any CPU
		{CAB68220-711A-47FD-BF35-9388C95B7BCD}.Release|Any CPU.ActiveCfg = Release|Any CPU
		{CAB68220-711A-47FD-BF35-9388C95B7BCD}.Release|Any CPU.Build.0 = Release|Any CPU
	EndGlobalSection
	GlobalSection(SolutionProperties) = preSolution
		HideSolutionNode = FALSE
	EndGlobalSection
	GlobalSection(ExtensibilityGlobals) = postSolution
		SolutionGuid = {189809D7-4A28-4123-986A-B10AF8FB9B01}
	EndGlobalSection
EndGlobal
